
Microsoft Visual Studio Solution File, Format Version 12.00
# Visual Studio Version 16
VisualStudioVersion = 16.0.30804.86
MinimumVisualStudioVersion = 10.0.40219.1
Project("{FAE04EC0-301F-11D3-BF4B-00C04F79EFBC}") = "zadanie_3", "zadanie_3\zadanie_3.csproj", "{47BC76CF-B3DA-469F-BE67-C22967BD75CA}"
EndProject
Global
	GlobalSection(SolutionConfigurationPlatforms) = preSolution
		Debug|Any CPU = Debug|Any CPU
		Release|Any CPU = Release|Any CPU
	EndGlobalSection
	GlobalSection(ProjectConfigurationPlatforms) = postSolution
		{47BC76CF-B3DA-469F-BE67-C22967BD75CA}.Debug|Any CPU.ActiveCfg = Debug|Any CPU
		{47BC76CF-B3DA-469F-BE67-C22967BD75CA}.Debug|Any CPU.Build.0 = Debug|Any CPU
		{47BC76CF-B3DA-469F-BE67-C22967BD75CA}.Release|Any CPU.ActiveCfg = Release|Any CPU
		{47BC76CF-B3DA-469F-BE67-C22967BD75CA}.Release|Any CPU.Build.0 = Release|Any CPU
	EndGlobalSection
	GlobalSection(SolutionProperties) = preSolution
		HideSolutionNode = FALSE
	EndGlobalSection
	GlobalSection(ExtensibilityGlobals) = postSolution
		SolutionGuid = {8A8C43D1-7D76-4CE9-81D5-8A4C6662689B}
	EndGlobalSection
EndGlobal
